
Microsoft Visual Studio Solution File, Format Version 12.00
# Visual Studio Version 17
VisualStudioVersion = 17.5.002.0
MinimumVisualStudioVersion = 10.0.40219.1
Project("{9A19103F-16F7-4668-BE54-9A1E7A4F7556}") = "lesson5_rep_array", "lesson5_rep_array.csproj", "{42A3BFE2-A81F-4988-871B-8E306A0C7041}"
EndProject
Global
	GlobalSection(SolutionConfigurationPlatforms) = preSolution
		Debug|Any CPU = Debug|Any CPU
		Release|Any CPU = Release|Any CPU
	EndGlobalSection
	GlobalSection(ProjectConfigurationPlatforms) = postSolution
		{42A3BFE2-A81F-4988-871B-8E306A0C7041}.Debug|Any CPU.ActiveCfg = Debug|Any CPU
		{42A3BFE2-A81F-4988-871B-8E306A0C7041}.Debug|Any CPU.Build.0 = Debug|Any CPU
		{42A3BFE2-A81F-4988-871B-8E306A0C7041}.Release|Any CPU.ActiveCfg = Release|Any CPU
		{42A3BFE2-A81F-4988-871B-8E306A0C7041}.Release|Any CPU.Build.0 = Release|Any CPU
	EndGlobalSection
	GlobalSection(SolutionProperties) = preSolution
		HideSolutionNode = FALSE
	EndGlobalSection
	GlobalSection(ExtensibilityGlobals) = postSolution
		SolutionGuid = {727C9B48-D928-4CFA-A974-31036B5F6E6E}
	EndGlobalSection
EndGlobal
